
Microsoft Visual Studio Solution File, Format Version 12.00
# Visual Studio Version 16
VisualStudioVersion = 16.0.30225.117
MinimumVisualStudioVersion = 10.0.40219.1
Project("{9A19103F-16F7-4668-BE54-9A1E7A4F7556}") = "TechnicalTest.App", "TechnicalTest.App\TechnicalTest.App.csproj", "{AFFAA75F-956C-4346-9C4B-36D0DA1322EB}"
EndProject
Project("{9A19103F-16F7-4668-BE54-9A1E7A4F7556}") = "TechnicalTest.Tests", "TechnicalTest.Tests\TechnicalTest.Tests.csproj", "{944F660A-2144-43F1-A308-4A713E84C3B4}"
EndProject
Project("{FAE04EC0-301F-11D3-BF4B-00C04F79EFBC}") = "TechnicalTest.Domain", "TechnicalTest.Domain\TechnicalTest.Domain.csproj", "{DD095FC9-5663-40DF-BBE4-EFCF1CCD69E4}"
EndProject
Project("{2150E333-8FDC-42A3-9474-1A3956D46DE8}") = "Solution Items", "Solution Items", "{9BF51BEB-1EF4-4A24-93B8-87FFD7753462}"
	ProjectSection(SolutionItems) = preProject
		README.md = README.md
	EndProjectSection
EndProject
Global
	GlobalSection(SolutionConfigurationPlatforms) = preSolution
		Debug|Any CPU = Debug|Any CPU
		Release|Any CPU = Release|Any CPU
	EndGlobalSection
	GlobalSection(ProjectConfigurationPlatforms) = postSolution
		{AFFAA75F-956C-4346-9C4B-36D0DA1322EB}.Debug|Any CPU.ActiveCfg = Debug|Any CPU
		{AFFAA75F-956C-4346-9C4B-36D0DA1322EB}.Debug|Any CPU.Build.0 = Debug|Any CPU
		{AFFAA75F-956C-4346-9C4B-36D0DA1322EB}.Release|Any CPU.ActiveCfg = Release|Any CPU
		{AFFAA75F-956C-4346-9C4B-36D0DA1322EB}.Release|Any CPU.Build.0 = Release|Any CPU
		{944F660A-2144-43F1-A308-4A713E84C3B4}.Debug|Any CPU.ActiveCfg = Debug|Any CPU
		{944F660A-2144-43F1-A308-4A713E84C3B4}.Debug|Any CPU.Build.0 = Debug|Any CPU
		{944F660A-2144-43F1-A308-4A713E84C3B4}.Release|Any CPU.ActiveCfg = Release|Any CPU
		{944F660A-2144-43F1-A308-4A713E84C3B4}.Release|Any CPU.Build.0 = Release|Any CPU
		{DD095FC9-5663-40DF-BBE4-EFCF1CCD69E4}.Debug|Any CPU.ActiveCfg = Debug|Any CPU
		{DD095FC9-5663-40DF-BBE4-EFCF1CCD69E4}.Debug|Any CPU.Build.0 = Debug|Any CPU
		{DD095FC9-5663-40DF-BBE4-EFCF1CCD69E4}.Release|Any CPU.ActiveCfg = Release|Any CPU
		{DD095FC9-5663-40DF-BBE4-EFCF1CCD69E4}.Release|Any CPU.Build.0 = Release|Any CPU
	EndGlobalSection
	GlobalSection(SolutionProperties) = preSolution
		HideSolutionNode = FALSE
	EndGlobalSection
	GlobalSection(ExtensibilityGlobals) = postSolution
		SolutionGuid = {C1831525-909A-40A8-9634-A0423D3BB66C}
	EndGlobalSection
EndGlobal
